
Microsoft Visual Studio Solution File, Format Version 12.00
# Visual Studio Version 16
VisualStudioVersion = 16.0.31624.102
MinimumVisualStudioVersion = 10.0.40219.1
Project("{FAE04EC0-301F-11D3-BF4B-00C04F79EFBC}") = "ScorerApp", "ScorerApp.csproj", "{E03DE80A-80AF-4ABA-BD5E-F5A5E90E598C}"
EndProject
Global
	GlobalSection(SolutionConfigurationPlatforms) = preSolution
		Debug|Any CPU = Debug|Any CPU
		Release|Any CPU = Release|Any CPU
	EndGlobalSection
	GlobalSection(ProjectConfigurationPlatforms) = postSolution
		{E03DE80A-80AF-4ABA-BD5E-F5A5E90E598C}.Debug|Any CPU.ActiveCfg = Debug|Any CPU
		{E03DE80A-80AF-4ABA-BD5E-F5A5E90E598C}.Debug|Any CPU.Build.0 = Debug|Any CPU
		{E03DE80A-80AF-4ABA-BD5E-F5A5E90E598C}.Release|Any CPU.ActiveCfg = Release|Any CPU
		{E03DE80A-80AF-4ABA-BD5E-F5A5E90E598C}.Release|Any CPU.Build.0 = Release|Any CPU
	EndGlobalSection
	GlobalSection(SolutionProperties) = preSolution
		HideSolutionNode = FALSE
	EndGlobalSection
	GlobalSection(ExtensibilityGlobals) = postSolution
		SolutionGuid = {A3B06E8E-4164-410C-89E3-A150D341A59A}
	EndGlobalSection
EndGlobal
